
Microsoft Visual Studio Solution File, Format Version 12.00
# Visual Studio 15
VisualStudioVersion = 15.0.28307.1500
MinimumVisualStudioVersion = 10.0.40219.1
Project("{FAE04EC0-301F-11D3-BF4B-00C04F79EFBC}") = "Incidence2", "Incidence2\Incidence2.csproj", "{C6AB680F-0734-4AF7-882A-7133E260C4FB}"
EndProject
Project("{54435603-DBB4-11D2-8724-00A0C9A8B90C}") = "IncidenceSetup", "IncidenceSetup\IncidenceSetup.vdproj", "{BDEFA19A-0880-43FA-9B64-E837AFF1EB7D}"
EndProject
Global
	GlobalSection(SolutionConfigurationPlatforms) = preSolution
		Debug|Any CPU = Debug|Any CPU
		Release|Any CPU = Release|Any CPU
	EndGlobalSection
	GlobalSection(ProjectConfigurationPlatforms) = postSolution
		{C6AB680F-0734-4AF7-882A-7133E260C4FB}.Debug|Any CPU.ActiveCfg = Debug|Any CPU
		{C6AB680F-0734-4AF7-882A-7133E260C4FB}.Debug|Any CPU.Build.0 = Debug|Any CPU
		{C6AB680F-0734-4AF7-882A-7133E260C4FB}.Release|Any CPU.ActiveCfg = Release|Any CPU
		{C6AB680F-0734-4AF7-882A-7133E260C4FB}.Release|Any CPU.Build.0 = Release|Any CPU
		{BDEFA19A-0880-43FA-9B64-E837AFF1EB7D}.Debug|Any CPU.ActiveCfg = Debug
		{BDEFA19A-0880-43FA-9B64-E837AFF1EB7D}.Release|Any CPU.ActiveCfg = Release
	EndGlobalSection
	GlobalSection(SolutionProperties) = preSolution
		HideSolutionNode = FALSE
	EndGlobalSection
	GlobalSection(ExtensibilityGlobals) = postSolution
		SolutionGuid = {C40F72AE-0CB1-46BF-B6D5-E651A96191A2}
	EndGlobalSection
EndGlobal
