
Microsoft Visual Studio Solution File, Format Version 12.00
# Visual Studio 15
VisualStudioVersion = 15.0.28307.1500
MinimumVisualStudioVersion = 10.0.40219.1
Project("{FAE04EC0-301F-11D3-BF4B-00C04F79EFBC}") = "TrackingApp", "TrackingApp\TrackingApp.csproj", "{BCC79EAC-CFE5-4D27-8AC2-614535137D72}"
EndProject
Project("{54435603-DBB4-11D2-8724-00A0C9A8B90C}") = "TrackingAppSetup", "TrackingAppSetup\TrackingAppSetup.vdproj", "{4085D9F4-D68B-4ABB-9D67-3C8B680FF02B}"
EndProject
Global
	GlobalSection(SolutionConfigurationPlatforms) = preSolution
		Debug|Any CPU = Debug|Any CPU
		Release|Any CPU = Release|Any CPU
	EndGlobalSection
	GlobalSection(ProjectConfigurationPlatforms) = postSolution
		{BCC79EAC-CFE5-4D27-8AC2-614535137D72}.Debug|Any CPU.ActiveCfg = Debug|Any CPU
		{BCC79EAC-CFE5-4D27-8AC2-614535137D72}.Debug|Any CPU.Build.0 = Debug|Any CPU
		{BCC79EAC-CFE5-4D27-8AC2-614535137D72}.Release|Any CPU.ActiveCfg = Release|Any CPU
		{BCC79EAC-CFE5-4D27-8AC2-614535137D72}.Release|Any CPU.Build.0 = Release|Any CPU
		{4085D9F4-D68B-4ABB-9D67-3C8B680FF02B}.Debug|Any CPU.ActiveCfg = Debug
		{4085D9F4-D68B-4ABB-9D67-3C8B680FF02B}.Release|Any CPU.ActiveCfg = Release
	EndGlobalSection
	GlobalSection(SolutionProperties) = preSolution
		HideSolutionNode = FALSE
	EndGlobalSection
	GlobalSection(ExtensibilityGlobals) = postSolution
		SolutionGuid = {B7B34C05-873F-485F-BBF2-C4FC1DF4E209}
	EndGlobalSection
EndGlobal
